
Microsoft Visual Studio Solution File, Format Version 12.00
# Visual Studio Version 16
VisualStudioVersion = 16.0.30621.155
MinimumVisualStudioVersion = 10.0.40219.1
Project("{FAE04EC0-301F-11D3-BF4B-00C04F79EFBC}") = "LapShopCNPM", "LapShopCNPM\LapShopCNPM.csproj", "{E9F207DD-C3CE-48CA-BB23-85199AA849AB}"
EndProject
Global
	GlobalSection(SolutionConfigurationPlatforms) = preSolution
		Debug|Any CPU = Debug|Any CPU
		Release|Any CPU = Release|Any CPU
	EndGlobalSection
	GlobalSection(ProjectConfigurationPlatforms) = postSolution
		{E9F207DD-C3CE-48CA-BB23-85199AA849AB}.Debug|Any CPU.ActiveCfg = Debug|Any CPU
		{E9F207DD-C3CE-48CA-BB23-85199AA849AB}.Debug|Any CPU.Build.0 = Debug|Any CPU
		{E9F207DD-C3CE-48CA-BB23-85199AA849AB}.Release|Any CPU.ActiveCfg = Release|Any CPU
		{E9F207DD-C3CE-48CA-BB23-85199AA849AB}.Release|Any CPU.Build.0 = Release|Any CPU
	EndGlobalSection
	GlobalSection(SolutionProperties) = preSolution
		HideSolutionNode = FALSE
	EndGlobalSection
	GlobalSection(ExtensibilityGlobals) = postSolution
		SolutionGuid = {81B32C6D-9AAE-4760-B90C-4D92E24D798C}
	EndGlobalSection
EndGlobal
